// !$*UTF8*$!
{
	archiveVersion = 1;
	classes = {
	};
	objectVersion = 46;
	objects = {

/* Begin PBXBuildFile section */
		41B1C2A40C54A1CDAF784848 /* Pods_FidgetSpinner.framework in Frameworks */ = {isa = PBXBuildFile; fileRef = CAF486C974933CFCFD9AB4BA /* Pods_FidgetSpinner.framework */; };
		8B2A6BF51EDCE90B009EB751 /* SpinScene.swift in Sources */ = {isa = PBXBuildFile; fileRef = 8B2A6BF41EDCE90B009EB751 /* SpinScene.swift */; };
		8BDFEB1A1EDCE19600E0244B /* Assets.xcassets in Resources */ = {isa = PBXBuildFile; fileRef = 8BDFEB191EDCE19600E0244B /* Assets.xcassets */; };
		8BDFEB211EDCE19600E0244B /* MessagesExtension.appex in Embed App Extensions */ = {isa = PBXBuildFile; fileRef = 8BDFEB201EDCE19600E0244B /* MessagesExtension.appex */; settings = {ATTRIBUTES = (RemoveHeadersOnCopy, ); }; };
		8BDFEB261EDCE19600E0244B /* Messages.framework in Frameworks */ = {isa = PBXBuildFile; fileRef = 8BDFEB251EDCE19600E0244B /* Messages.framework */; };
		8BDFEB291EDCE19600E0244B /* MessagesViewController.swift in Sources */ = {isa = PBXBuildFile; fileRef = 8BDFEB281EDCE19600E0244B /* MessagesViewController.swift */; };
		8BDFEB2C1EDCE19600E0244B /* MainInterface.storyboard in Resources */ = {isa = PBXBuildFile; fileRef = 8BDFEB2A1EDCE19600E0244B /* MainInterface.storyboard */; };
		8BDFEB2E1EDCE19600E0244B /* Assets.xcassets in Resources */ = {isa = PBXBuildFile; fileRef = 8BDFEB2D1EDCE19600E0244B /* Assets.xcassets */; };
		8BE714D61EDD08FA00E101CC /* iMessage.swift in Sources */ = {isa = PBXBuildFile; fileRef = 8BE714D51EDD08FA00E101CC /* iMessage.swift */; };
		8BE714D81EDDD46800E101CC /* SpinnerViewController.swift in Sources */ = {isa = PBXBuildFile; fileRef = 8BE714D71EDDD46800E101CC /* SpinnerViewController.swift */; };
		8BE714DC1EDDFE9100E101CC /* ColorPickerStyleKit.swift in Sources */ = {isa = PBXBuildFile; fileRef = 8BE714DB1EDDFE9100E101CC /* ColorPickerStyleKit.swift */; };
		8BE714DE1EDE2EF800E101CC /* GoogleService-Info-Dev.plist in Resources */ = {isa = PBXBuildFile; fileRef = 8BE714DD1EDE2EF800E101CC /* GoogleService-Info-Dev.plist */; };
		8BE714E01EDE377F00E101CC /* ButtonsStyleKit.swift in Sources */ = {isa = PBXBuildFile; fileRef = 8BE714DF1EDE377F00E101CC /* ButtonsStyleKit.swift */; };
		8BE714E21EDE423B00E101CC /* BodyStyleStyleKit.swift in Sources */ = {isa = PBXBuildFile; fileRef = 8BE714E11EDE423B00E101CC /* BodyStyleStyleKit.swift */; };
		DD41F5CA233BBF9696E55D95 /* Pods_MessagesExtension.framework in Frameworks */ = {isa = PBXBuildFile; fileRef = 01ABA818622A0D07C9539C9B /* Pods_MessagesExtension.framework */; };
/* End PBXBuildFile section */

/* Begin PBXContainerItemProxy section */
		8BDFEB221EDCE19600E0244B /* PBXContainerItemProxy */ = {
			isa = PBXContainerItemProxy;
			containerPortal = 8BDFEB101EDCE19600E0244B /* Project object */;
			proxyType = 1;
			remoteGlobalIDString = 8BDFEB1F1EDCE19600E0244B;
			remoteInfo = MessagesExtension;
		};
/* End PBXContainerItemProxy section */

/* Begin PBXCopyFilesBuildPhase section */
		8BDFEB351EDCE19600E0244B /* Embed App Extensions */ = {
			isa = PBXCopyFilesBuildPhase;
			buildActionMask = 2147483647;
			dstPath = "";
			dstSubfolderSpec = 13;
			files = (
				8BDFEB211EDCE19600E0244B /* MessagesExtension.appex in Embed App Extensions */,
			);
			name = "Embed App Extensions";
			runOnlyForDeploymentPostprocessing = 0;
		};
/* End PBXCopyFilesBuildPhase section */

/* Begin PBXFileReference section */
		01ABA818622A0D07C9539C9B /* Pods_MessagesExtension.framework */ = {isa = PBXFileReference; explicitFileType = wrapper.framework; includeInIndex = 0; path = Pods_MessagesExtension.framework; sourceTree = BUILT_PRODUCTS_DIR; };
		0CC90C7067C5DAF8B7F06C4B /* Pods-FidgetSpinner.debug.xcconfig */ = {isa = PBXFileReference; includeInIndex = 1; lastKnownFileType = text.xcconfig; name = "Pods-FidgetSpinner.debug.xcconfig"; path = "Pods/Target Support Files/Pods-FidgetSpinner/Pods-FidgetSpinner.debug.xcconfig"; sourceTree = "<group>"; };
		5D2719E4BF9F36E39E72CA01 /* Pods-MessagesExtension.debug.xcconfig */ = {isa = PBXFileReference; includeInIndex = 1; lastKnownFileType = text.xcconfig; name = "Pods-MessagesExtension.debug.xcconfig"; path = "Pods/Target Support Files/Pods-MessagesExtension/Pods-MessagesExtension.debug.xcconfig"; sourceTree = "<group>"; };
		86F8D9257EA2FC0E3FC42C5A /* Pods-MessagesExtension.release.xcconfig */ = {isa = PBXFileReference; includeInIndex = 1; lastKnownFileType = text.xcconfig; name = "Pods-MessagesExtension.release.xcconfig"; path = "Pods/Target Support Files/Pods-MessagesExtension/Pods-MessagesExtension.release.xcconfig"; sourceTree = "<group>"; };
		8B2A6BF41EDCE90B009EB751 /* SpinScene.swift */ = {isa = PBXFileReference; fileEncoding = 4; lastKnownFileType = sourcecode.swift; path = SpinScene.swift; sourceTree = "<group>"; };
		8BDFEB161EDCE19600E0244B /* FidgetSpinner.app */ = {isa = PBXFileReference; explicitFileType = wrapper.application; includeInIndex = 0; path = FidgetSpinner.app; sourceTree = BUILT_PRODUCTS_DIR; };
		8BDFEB191EDCE19600E0244B /* Assets.xcassets */ = {isa = PBXFileReference; lastKnownFileType = folder.assetcatalog; path = Assets.xcassets; sourceTree = "<group>"; };
		8BDFEB1B1EDCE19600E0244B /* Info.plist */ = {isa = PBXFileReference; lastKnownFileType = text.plist.xml; path = Info.plist; sourceTree = "<group>"; };
		8BDFEB201EDCE19600E0244B /* MessagesExtension.appex */ = {isa = PBXFileReference; explicitFileType = "wrapper.app-extension"; includeInIndex = 0; path = MessagesExtension.appex; sourceTree = BUILT_PRODUCTS_DIR; };
		8BDFEB251EDCE19600E0244B /* Messages.framework */ = {isa = PBXFileReference; lastKnownFileType = wrapper.framework; name = Messages.framework; path = System/Library/Frameworks/Messages.framework; sourceTree = SDKROOT; };
		8BDFEB281EDCE19600E0244B /* MessagesViewController.swift */ = {isa = PBXFileReference; lastKnownFileType = sourcecode.swift; path = MessagesViewController.swift; sourceTree = "<group>"; };
		8BDFEB2B1EDCE19600E0244B /* Base */ = {isa = PBXFileReference; lastKnownFileType = file.storyboard; name = Base; path = Base.lproj/MainInterface.storyboard; sourceTree = "<group>"; };
		8BDFEB2D1EDCE19600E0244B /* Assets.xcassets */ = {isa = PBXFileReference; lastKnownFileType = folder.assetcatalog; path = Assets.xcassets; sourceTree = "<group>"; };
		8BDFEB2F1EDCE19600E0244B /* Info.plist */ = {isa = PBXFileReference; lastKnownFileType = text.plist.xml; path = Info.plist; sourceTree = "<group>"; };
		8BE714D51EDD08FA00E101CC /* iMessage.swift */ = {isa = PBXFileReference; fileEncoding = 4; lastKnownFileType = sourcecode.swift; path = iMessage.swift; sourceTree = "<group>"; };
		8BE714D71EDDD46800E101CC /* SpinnerViewController.swift */ = {isa = PBXFileReference; fileEncoding = 4; lastKnownFileType = sourcecode.swift; path = SpinnerViewController.swift; sourceTree = "<group>"; };
		8BE714DB1EDDFE9100E101CC /* ColorPickerStyleKit.swift */ = {isa = PBXFileReference; fileEncoding = 4; lastKnownFileType = sourcecode.swift; path = ColorPickerStyleKit.swift; sourceTree = "<group>"; };
		8BE714DD1EDE2EF800E101CC /* GoogleService-Info-Dev.plist */ = {isa = PBXFileReference; fileEncoding = 4; lastKnownFileType = text.plist.xml; path = "GoogleService-Info-Dev.plist"; sourceTree = "<group>"; };
		8BE714DF1EDE377F00E101CC /* ButtonsStyleKit.swift */ = {isa = PBXFileReference; fileEncoding = 4; lastKnownFileType = sourcecode.swift; path = ButtonsStyleKit.swift; sourceTree = "<group>"; };
		8BE714E11EDE423B00E101CC /* BodyStyleStyleKit.swift */ = {isa = PBXFileReference; fileEncoding = 4; lastKnownFileType = sourcecode.swift; path = BodyStyleStyleKit.swift; sourceTree = "<group>"; };
		9E195B4B31C69B80D434AC1B /* Pods-FidgetSpinner.release.xcconfig */ = {isa = PBXFileReference; includeInIndex = 1; lastKnownFileType = text.xcconfig; name = "Pods-FidgetSpinner.release.xcconfig"; path = "Pods/Target Support Files/Pods-FidgetSpinner/Pods-FidgetSpinner.release.xcconfig"; sourceTree = "<group>"; };
		CAF486C974933CFCFD9AB4BA /* Pods_FidgetSpinner.framework */ = {isa = PBXFileReference; explicitFileType = wrapper.framework; includeInIndex = 0; path = Pods_FidgetSpinner.framework; sourceTree = BUILT_PRODUCTS_DIR; };
/* End PBXFileReference section */

/* Begin PBXFrameworksBuildPhase section */
		18436342B1207FCB6A7BFFF9 /* Frameworks */ = {
			isa = PBXFrameworksBuildPhase;
			buildActionMask = 2147483647;
			files = (
				41B1C2A40C54A1CDAF784848 /* Pods_FidgetSpinner.framework in Frameworks */,
			);
			runOnlyForDeploymentPostprocessing = 0;
		};
		8BDFEB1D1EDCE19600E0244B /* Frameworks */ = {
			isa = PBXFrameworksBuildPhase;
			buildActionMask = 2147483647;
			files = (
				8BDFEB261EDCE19600E0244B /* Messages.framework in Frameworks */,
				DD41F5CA233BBF9696E55D95 /* Pods_MessagesExtension.framework in Frameworks */,
			);
			runOnlyForDeploymentPostprocessing = 0;
		};
/* End PBXFrameworksBuildPhase section */

/* Begin PBXGroup section */
		1270258B9CDECD7A4EAB6D10 /* Pods */ = {
			isa = PBXGroup;
			children = (
				0CC90C7067C5DAF8B7F06C4B /* Pods-FidgetSpinner.debug.xcconfig */,
				9E195B4B31C69B80D434AC1B /* Pods-FidgetSpinner.release.xcconfig */,
				5D2719E4BF9F36E39E72CA01 /* Pods-MessagesExtension.debug.xcconfig */,
				86F8D9257EA2FC0E3FC42C5A /* Pods-MessagesExtension.release.xcconfig */,
			);
			name = Pods;
			sourceTree = "<group>";
		};
		8BDFEB0F1EDCE19600E0244B = {
			isa = PBXGroup;
			children = (
				8BDFEB181EDCE19600E0244B /* FidgetSpinner */,
				8BDFEB271EDCE19600E0244B /* MessagesExtension */,
				8BDFEB241EDCE19600E0244B /* Frameworks */,
				8BDFEB171EDCE19600E0244B /* Products */,
				1270258B9CDECD7A4EAB6D10 /* Pods */,
			);
			sourceTree = "<group>";
		};
		8BDFEB171EDCE19600E0244B /* Products */ = {
			isa = PBXGroup;
			children = (
				8BDFEB161EDCE19600E0244B /* FidgetSpinner.app */,
				8BDFEB201EDCE19600E0244B /* MessagesExtension.appex */,
			);
			name = Products;
			sourceTree = "<group>";
		};
		8BDFEB181EDCE19600E0244B /* FidgetSpinner */ = {
			isa = PBXGroup;
			children = (
				8BDFEB191EDCE19600E0244B /* Assets.xcassets */,
				8BDFEB1B1EDCE19600E0244B /* Info.plist */,
			);
			path = FidgetSpinner;
			sourceTree = "<group>";
		};
		8BDFEB241EDCE19600E0244B /* Frameworks */ = {
			isa = PBXGroup;
			children = (
				8BDFEB251EDCE19600E0244B /* Messages.framework */,
				CAF486C974933CFCFD9AB4BA /* Pods_FidgetSpinner.framework */,
				01ABA818622A0D07C9539C9B /* Pods_MessagesExtension.framework */,
			);
			name = Frameworks;
			sourceTree = "<group>";
		};
		8BDFEB271EDCE19600E0244B /* MessagesExtension */ = {
			isa = PBXGroup;
			children = (
				8BE714DD1EDE2EF800E101CC /* GoogleService-Info-Dev.plist */,
				8BE714D51EDD08FA00E101CC /* iMessage.swift */,
				8BDFEB281EDCE19600E0244B /* MessagesViewController.swift */,
				8BE714D71EDDD46800E101CC /* SpinnerViewController.swift */,
				8B2A6BF41EDCE90B009EB751 /* SpinScene.swift */,
				8BDFEB2A1EDCE19600E0244B /* MainInterface.storyboard */,
				8BE714E11EDE423B00E101CC /* BodyStyleStyleKit.swift */,
				8BE714DF1EDE377F00E101CC /* ButtonsStyleKit.swift */,
				8BE714DB1EDDFE9100E101CC /* ColorPickerStyleKit.swift */,
				8BDFEB2D1EDCE19600E0244B /* Assets.xcassets */,
				8BDFEB2F1EDCE19600E0244B /* Info.plist */,
			);
			path = MessagesExtension;
			sourceTree = "<group>";
		};
/* End PBXGroup section */

/* Begin PBXNativeTarget section */
		8BDFEB151EDCE19600E0244B /* FidgetSpinner */ = {
			isa = PBXNativeTarget;
			buildConfigurationList = 8BDFEB361EDCE19600E0244B /* Build configuration list for PBXNativeTarget "FidgetSpinner" */;
			buildPhases = (
				3206C31420C70DA81AAEAD27 /* [CP] Check Pods Manifest.lock */,
				8BDFEB141EDCE19600E0244B /* Resources */,
				8BDFEB351EDCE19600E0244B /* Embed App Extensions */,
				18436342B1207FCB6A7BFFF9 /* Frameworks */,
				73D8259979184C73D6B29226 /* [CP] Embed Pods Frameworks */,
				B7699082DD117824AFE5727B /* [CP] Copy Pods Resources */,
			);
			buildRules = (
			);
			dependencies = (
				8BDFEB231EDCE19600E0244B /* PBXTargetDependency */,
			);
			name = FidgetSpinner;
			productName = FidgetSpinner;
			productReference = 8BDFEB161EDCE19600E0244B /* FidgetSpinner.app */;
			productType = "com.apple.product-type.application.messages";
		};
		8BDFEB1F1EDCE19600E0244B /* MessagesExtension */ = {
			isa = PBXNativeTarget;
			buildConfigurationList = 8BDFEB321EDCE19600E0244B /* Build configuration list for PBXNativeTarget "MessagesExtension" */;
			buildPhases = (
				0B6F9CAAE2BAEC0F32F0097D /* [CP] Check Pods Manifest.lock */,
				8BDFEB1C1EDCE19600E0244B /* Sources */,
				8BDFEB1D1EDCE19600E0244B /* Frameworks */,
				8BDFEB1E1EDCE19600E0244B /* Resources */,
				F80A9ECC6E7926C5F9E11312 /* [CP] Copy Pods Resources */,
			);
			buildRules = (
			);
			dependencies = (
			);
			name = MessagesExtension;
			productName = MessagesExtension;
			productReference = 8BDFEB201EDCE19600E0244B /* MessagesExtension.appex */;
			productType = "com.apple.product-type.app-extension.messages";
		};
/* End PBXNativeTarget section */

/* Begin PBXProject section */
		8BDFEB101EDCE19600E0244B /* Project object */ = {
			isa = PBXProject;
			attributes = {
				LastSwiftUpdateCheck = 0830;
				LastUpgradeCheck = 0830;
				ORGANIZATIONNAME = JwitApps;
				TargetAttributes = {
					8BDFEB151EDCE19600E0244B = {
						CreatedOnToolsVersion = 8.3.2;
						DevelopmentTeam = 349WFX4WJR;
						LastSwiftMigration = 0830;
						ProvisioningStyle = Automatic;
					};
					8BDFEB1F1EDCE19600E0244B = {
						CreatedOnToolsVersion = 8.3.2;
						DevelopmentTeam = 349WFX4WJR;
						LastSwiftMigration = 0830;
						ProvisioningStyle = Automatic;
					};
				};
			};
			buildConfigurationList = 8BDFEB131EDCE19600E0244B /* Build configuration list for PBXProject "FidgetSpinner" */;
			compatibilityVersion = "Xcode 3.2";
			developmentRegion = English;
			hasScannedForEncodings = 0;
			knownRegions = (
				en,
				Base,
			);
			mainGroup = 8BDFEB0F1EDCE19600E0244B;
			productRefGroup = 8BDFEB171EDCE19600E0244B /* Products */;
			projectDirPath = "";
			projectRoot = "";
			targets = (
				8BDFEB151EDCE19600E0244B /* FidgetSpinner */,
				8BDFEB1F1EDCE19600E0244B /* MessagesExtension */,
			);
		};
/* End PBXProject section */

/* Begin PBXResourcesBuildPhase section */
		8BDFEB141EDCE19600E0244B /* Resources */ = {
			isa = PBXResourcesBuildPhase;
			buildActionMask = 2147483647;
			files = (
				8BDFEB1A1EDCE19600E0244B /* Assets.xcassets in Resources */,
			);
			runOnlyForDeploymentPostprocessing = 0;
		};
		8BDFEB1E1EDCE19600E0244B /* Resources */ = {
			isa = PBXResourcesBuildPhase;
			buildActionMask = 2147483647;
			files = (
				8BDFEB2E1EDCE19600E0244B /* Assets.xcassets in Resources */,
				8BE714DE1EDE2EF800E101CC /* GoogleService-Info-Dev.plist in Resources */,
				8BDFEB2C1EDCE19600E0244B /* MainInterface.storyboard in Resources */,
			);
			runOnlyForDeploymentPostprocessing = 0;
		};
/* End PBXResourcesBuildPhase section */

/* Begin PBXShellScriptBuildPhase section */
		0B6F9CAAE2BAEC0F32F0097D /* [CP] Check Pods Manifest.lock */ = {
			isa = PBXShellScriptBuildPhase;
			buildActionMask = 2147483647;
			files = (
			);
			inputPaths = (
			);
			name = "[CP] Check Pods Manifest.lock";
			outputPaths = (
			);
			runOnlyForDeploymentPostprocessing = 0;
			shellPath = /bin/sh;
			shellScript = "diff \"${PODS_ROOT}/../Podfile.lock\" \"${PODS_ROOT}/Manifest.lock\" > /dev/null\nif [ $? != 0 ] ; then\n    # print error to STDERR\n    echo \"error: The sandbox is not in sync with the Podfile.lock. Run 'pod install' or update your CocoaPods installation.\" >&2\n    exit 1\nfi\n";
			showEnvVarsInLog = 0;
		};
		3206C31420C70DA81AAEAD27 /* [CP] Check Pods Manifest.lock */ = {
			isa = PBXShellScriptBuildPhase;
			buildActionMask = 2147483647;
			files = (
			);
			inputPaths = (
			);
			name = "[CP] Check Pods Manifest.lock";
			outputPaths = (
			);
			runOnlyForDeploymentPostprocessing = 0;
			shellPath = /bin/sh;
			shellScript = "diff \"${PODS_ROOT}/../Podfile.lock\" \"${PODS_ROOT}/Manifest.lock\" > /dev/null\nif [ $? != 0 ] ; then\n    # print error to STDERR\n    echo \"error: The sandbox is not in sync with the Podfile.lock. Run 'pod install' or update your CocoaPods installation.\" >&2\n    exit 1\nfi\n";
			showEnvVarsInLog = 0;
		};
		73D8259979184C73D6B29226 /* [CP] Embed Pods Frameworks */ = {
			isa = PBXShellScriptBuildPhase;
			buildActionMask = 2147483647;
			files = (
			);
			inputPaths = (
			);
			name = "[CP] Embed Pods Frameworks";
			outputPaths = (
			);
			runOnlyForDeploymentPostprocessing = 0;
			shellPath = /bin/sh;
			shellScript = "\"${SRCROOT}/Pods/Target Support Files/Pods-FidgetSpinner/Pods-FidgetSpinner-frameworks.sh\"\n";
			showEnvVarsInLog = 0;
		};
		B7699082DD117824AFE5727B /* [CP] Copy Pods Resources */ = {
			isa = PBXShellScriptBuildPhase;
			buildActionMask = 2147483647;
			files = (
			);
			inputPaths = (
			);
			name = "[CP] Copy Pods Resources";
			outputPaths = (
			);
			runOnlyForDeploymentPostprocessing = 0;
			shellPath = /bin/sh;
			shellScript = "\"${SRCROOT}/Pods/Target Support Files/Pods-FidgetSpinner/Pods-FidgetSpinner-resources.sh\"\n";
			showEnvVarsInLog = 0;
		};
		F80A9ECC6E7926C5F9E11312 /* [CP] Copy Pods Resources */ = {
			isa = PBXShellScriptBuildPhase;
			buildActionMask = 2147483647;
			files = (
			);
			inputPaths = (
			);
			name = "[CP] Copy Pods Resources";
			outputPaths = (
			);
			runOnlyForDeploymentPostprocessing = 0;
			shellPath = /bin/sh;
			shellScript = "\"${SRCROOT}/Pods/Target Support Files/Pods-MessagesExtension/Pods-MessagesExtension-resources.sh\"\n";
			showEnvVarsInLog = 0;
		};
/* End PBXShellScriptBuildPhase section */

/* Begin PBXSourcesBuildPhase section */
		8BDFEB1C1EDCE19600E0244B /* Sources */ = {
			isa = PBXSourcesBuildPhase;
			buildActionMask = 2147483647;
			files = (
				8BE714DC1EDDFE9100E101CC /* ColorPickerStyleKit.swift in Sources */,
				8B2A6BF51EDCE90B009EB751 /* SpinScene.swift in Sources */,
				8BE714E01EDE377F00E101CC /* ButtonsStyleKit.swift in Sources */,
				8BE714E21EDE423B00E101CC /* BodyStyleStyleKit.swift in Sources */,
				8BDFEB291EDCE19600E0244B /* MessagesViewController.swift in Sources */,
				8BE714D81EDDD46800E101CC /* SpinnerViewController.swift in Sources */,
				8BE714D61EDD08FA00E101CC /* iMessage.swift in Sources */,
			);
			runOnlyForDeploymentPostprocessing = 0;
		};
/* End PBXSourcesBuildPhase section */

/* Begin PBXTargetDependency section */
		8BDFEB231EDCE19600E0244B /* PBXTargetDependency */ = {
			isa = PBXTargetDependency;
			target = 8BDFEB1F1EDCE19600E0244B /* MessagesExtension */;
			targetProxy = 8BDFEB221EDCE19600E0244B /* PBXContainerItemProxy */;
		};
/* End PBXTargetDependency section */

/* Begin PBXVariantGroup section */
		8BDFEB2A1EDCE19600E0244B /* MainInterface.storyboard */ = {
			isa = PBXVariantGroup;
			children = (
				8BDFEB2B1EDCE19600E0244B /* Base */,
			);
			name = MainInterface.storyboard;
			sourceTree = "<group>";
		};
/* End PBXVariantGroup section */

/* Begin XCBuildConfiguration section */
		8BDFEB301EDCE19600E0244B /* Debug */ = {
			isa = XCBuildConfiguration;
			buildSettings = {
				ALWAYS_SEARCH_USER_PATHS = NO;
				CLANG_ANALYZER_NONNULL = YES;
				CLANG_ANALYZER_NUMBER_OBJECT_CONVERSION = YES_AGGRESSIVE;
				CLANG_CXX_LANGUAGE_STANDARD = "gnu++0x";
				CLANG_CXX_LIBRARY = "libc++";
				CLANG_ENABLE_MODULES = YES;
				CLANG_ENABLE_OBJC_ARC = YES;
				CLANG_WARN_BOOL_CONVERSION = YES;
				CLANG_WARN_CONSTANT_CONVERSION = YES;
				CLANG_WARN_DIRECT_OBJC_ISA_USAGE = YES_ERROR;
				CLANG_WARN_DOCUMENTATION_COMMENTS = YES;
				CLANG_WARN_EMPTY_BODY = YES;
				CLANG_WARN_ENUM_CONVERSION = YES;
				CLANG_WARN_INFINITE_RECURSION = YES;
				CLANG_WARN_INT_CONVERSION = YES;
				CLANG_WARN_OBJC_ROOT_CLASS = YES_ERROR;
				CLANG_WARN_SUSPICIOUS_MOVE = YES;
				CLANG_WARN_UNREACHABLE_CODE = YES;
				CLANG_WARN__DUPLICATE_METHOD_MATCH = YES;
				"CODE_SIGN_IDENTITY[sdk=iphoneos*]" = "iPhone Developer";
				COPY_PHASE_STRIP = NO;
				DEBUG_INFORMATION_FORMAT = dwarf;
				ENABLE_STRICT_OBJC_MSGSEND = YES;
				ENABLE_TESTABILITY = YES;
				GCC_C_LANGUAGE_STANDARD = gnu99;
				GCC_DYNAMIC_NO_PIC = NO;
				GCC_NO_COMMON_BLOCKS = YES;
				GCC_OPTIMIZATION_LEVEL = 0;
				GCC_PREPROCESSOR_DEFINITIONS = (
					"DEBUG=1",
					"$(inherited)",
				);
				GCC_WARN_64_TO_32_BIT_CONVERSION = YES;
				GCC_WARN_ABOUT_RETURN_TYPE = YES_ERROR;
				GCC_WARN_UNDECLARED_SELECTOR = YES;
				GCC_WARN_UNINITIALIZED_AUTOS = YES_AGGRESSIVE;
				GCC_WARN_UNUSED_FUNCTION = YES;
				GCC_WARN_UNUSED_VARIABLE = YES;
				IPHONEOS_DEPLOYMENT_TARGET = 10.3;
				MTL_ENABLE_DEBUG_INFO = YES;
				ONLY_ACTIVE_ARCH = YES;
				SDKROOT = iphoneos;
				SWIFT_ACTIVE_COMPILATION_CONDITIONS = DEBUG;
				SWIFT_OPTIMIZATION_LEVEL = "-Onone";
				TARGETED_DEVICE_FAMILY = "1,2";
			};
			name = Debug;
		};
		8BDFEB311EDCE19600E0244B /* Release */ = {
			isa = XCBuildConfiguration;
			buildSettings = {
				ALWAYS_SEARCH_USER_PATHS = NO;
				CLANG_ANALYZER_NONNULL = YES;
				CLANG_ANALYZER_NUMBER_OBJECT_CONVERSION = YES_AGGRESSIVE;
				CLANG_CXX_LANGUAGE_STANDARD = "gnu++0x";
				CLANG_CXX_LIBRARY = "libc++";
				CLANG_ENABLE_MODULES = YES;
				CLANG_ENABLE_OBJC_ARC = YES;
				CLANG_WARN_BOOL_CONVERSION = YES;
				CLANG_WARN_CONSTANT_CONVERSION = YES;
				CLANG_WARN_DIRECT_OBJC_ISA_USAGE = YES_ERROR;
				CLANG_WARN_DOCUMENTATION_COMMENTS = YES;
				CLANG_WARN_EMPTY_BODY = YES;
				CLANG_WARN_ENUM_CONVERSION = YES;
				CLANG_WARN_INFINITE_RECURSION = YES;
				CLANG_WARN_INT_CONVERSION = YES;
				CLANG_WARN_OBJC_ROOT_CLASS = YES_ERROR;
				CLANG_WARN_SUSPICIOUS_MOVE = YES;
				CLANG_WARN_UNREACHABLE_CODE = YES;
				CLANG_WARN__DUPLICATE_METHOD_MATCH = YES;
				"CODE_SIGN_IDENTITY[sdk=iphoneos*]" = "iPhone Developer";
				COPY_PHASE_STRIP = NO;
				DEBUG_INFORMATION_FORMAT = "dwarf-with-dsym";
				ENABLE_NS_ASSERTIONS = NO;
				ENABLE_STRICT_OBJC_MSGSEND = YES;
				GCC_C_LANGUAGE_STANDARD = gnu99;
				GCC_NO_COMMON_BLOCKS = YES;
				GCC_WARN_64_TO_32_BIT_CONVERSION = YES;
				GCC_WARN_ABOUT_RETURN_TYPE = YES_ERROR;
				GCC_WARN_UNDECLARED_SELECTOR = YES;
				GCC_WARN_UNINITIALIZED_AUTOS = YES_AGGRESSIVE;
				GCC_WARN_UNUSED_FUNCTION = YES;
				GCC_WARN_UNUSED_VARIABLE = YES;
				IPHONEOS_DEPLOYMENT_TARGET = 10.3;
				MTL_ENABLE_DEBUG_INFO = NO;
				SDKROOT = iphoneos;
				SWIFT_OPTIMIZATION_LEVEL = "-Owholemodule";
				TARGETED_DEVICE_FAMILY = "1,2";
				VALIDATE_PRODUCT = YES;
			};
			name = Release;
		};
		8BDFEB331EDCE19600E0244B /* Debug */ = {
			isa = XCBuildConfiguration;
			baseConfigurationReference = 5D2719E4BF9F36E39E72CA01 /* Pods-MessagesExtension.debug.xcconfig */;
			buildSettings = {
				ASSETCATALOG_COMPILER_APPICON_NAME = "iMessage App Icon";
				DEVELOPMENT_TEAM = 349WFX4WJR;
				INFOPLIST_FILE = MessagesExtension/Info.plist;
				LD_RUNPATH_SEARCH_PATHS = "$(inherited) @executable_path/Frameworks @executable_path/../../Frameworks";
				PRODUCT_BUNDLE_IDENTIFIER = com.jwitapps.FidgetSpinnerDuals.MessagesExtension;
				PRODUCT_NAME = "$(TARGET_NAME)";
				SKIP_INSTALL = YES;
				SWIFT_VERSION = 3.0;
			};
			name = Debug;
		};
		8BDFEB341EDCE19600E0244B /* Release */ = {
			isa = XCBuildConfiguration;
			baseConfigurationReference = 86F8D9257EA2FC0E3FC42C5A /* Pods-MessagesExtension.release.xcconfig */;
			buildSettings = {
				ASSETCATALOG_COMPILER_APPICON_NAME = "iMessage App Icon";
				DEVELOPMENT_TEAM = 349WFX4WJR;
				INFOPLIST_FILE = MessagesExtension/Info.plist;
				LD_RUNPATH_SEARCH_PATHS = "$(inherited) @executable_path/Frameworks @executable_path/../../Frameworks";
				PRODUCT_BUNDLE_IDENTIFIER = com.jwitapps.FidgetSpinnerDuals.MessagesExtension;
				PRODUCT_NAME = "$(TARGET_NAME)";
				SKIP_INSTALL = YES;
				SWIFT_VERSION = 3.0;
			};
			name = Release;
		};
		8BDFEB371EDCE19600E0244B /* Debug */ = {
			isa = XCBuildConfiguration;
			baseConfigurationReference = 0CC90C7067C5DAF8B7F06C4B /* Pods-FidgetSpinner.debug.xcconfig */;
			buildSettings = {
				ALWAYS_EMBED_SWIFT_STANDARD_LIBRARIES = YES;
				ASSETCATALOG_COMPILER_APPICON_NAME = AppIcon;
				DEVELOPMENT_TEAM = 349WFX4WJR;
				INFOPLIST_FILE = FidgetSpinner/Info.plist;
				PRODUCT_BUNDLE_IDENTIFIER = com.jwitapps.FidgetSpinnerDuals;
				PRODUCT_NAME = "$(TARGET_NAME)";
				SWIFT_VERSION = 3.0;
			};
			name = Debug;
		};
		8BDFEB381EDCE19600E0244B /* Release */ = {
			isa = XCBuildConfiguration;
			baseConfigurationReference = 9E195B4B31C69B80D434AC1B /* Pods-FidgetSpinner.release.xcconfig */;
			buildSettings = {
				ALWAYS_EMBED_SWIFT_STANDARD_LIBRARIES = YES;
				ASSETCATALOG_COMPILER_APPICON_NAME = AppIcon;
				DEVELOPMENT_TEAM = 349WFX4WJR;
				INFOPLIST_FILE = FidgetSpinner/Info.plist;
				PRODUCT_BUNDLE_IDENTIFIER = com.jwitapps.FidgetSpinnerDuals;
				PRODUCT_NAME = "$(TARGET_NAME)";
				SWIFT_VERSION = 3.0;
			};
			name = Release;
		};
/* End XCBuildConfiguration section */

/* Begin XCConfigurationList section */
		8BDFEB131EDCE19600E0244B /* Build configuration list for PBXProject "FidgetSpinner" */ = {
			isa = XCConfigurationList;
			buildConfigurations = (
				8BDFEB301EDCE19600E0244B /* Debug */,
				8BDFEB311EDCE19600E0244B /* Release */,
			);
			defaultConfigurationIsVisible = 0;
			defaultConfigurationName = Release;
		};
		8BDFEB321EDCE19600E0244B /* Build configuration list for PBXNativeTarget "MessagesExtension" */ = {
			isa = XCConfigurationList;
			buildConfigurations = (
				8BDFEB331EDCE19600E0244B /* Debug */,
				8BDFEB341EDCE19600E0244B /* Release */,
			);
			defaultConfigurationIsVisible = 0;
			defaultConfigurationName = Release;
		};
		8BDFEB361EDCE19600E0244B /* Build configuration list for PBXNativeTarget "FidgetSpinner" */ = {
			isa = XCConfigurationList;
			buildConfigurations = (
				8BDFEB371EDCE19600E0244B /* Debug */,
				8BDFEB381EDCE19600E0244B /* Release */,
			);
			defaultConfigurationIsVisible = 0;
			defaultConfigurationName = Release;
		};
/* End XCConfigurationList section */
	};
	rootObject = 8BDFEB101EDCE19600E0244B /* Project object */;
}
